
Microsoft Visual Studio Solution File, Format Version 12.00
# Visual Studio 14
VisualStudioVersion = 14.0.24720.0
MinimumVisualStudioVersion = 10.0.40219.1
Project("{262852C6-CD72-467D-83FE-5EEB1973A190}") = "Dream.Ionic", "src\Dream.Ionic\Dream.Ionic.jsproj", "{A0EA3796-527A-486C-A017-B40EDAEBB9A7}"
EndProject
Project("{8BB2217D-0F2D-49D1-97BC-3654ED321F3B}") = "Dream.Api", "src\Dream.Api\Dream.Api.xproj", "{4C126316-1279-4BCD-9859-E1F193649972}"
EndProject
Project("{2150E333-8FDC-42A3-9474-1A3956D46DE8}") = "Core", "Core", "{3070C419-E986-4A5D-8C8B-CB4F0AC5E782}"
EndProject
Project("{2150E333-8FDC-42A3-9474-1A3956D46DE8}") = "Data", "Data", "{80B3EBFB-04EC-4710-ABC1-B6C177BE04E7}"
EndProject
Project("{2150E333-8FDC-42A3-9474-1A3956D46DE8}") = "Common", "Common", "{D62F3E89-4A25-4550-B5BF-63C23BCDE4FE}"
EndProject
Project("{8BB2217D-0F2D-49D1-97BC-3654ED321F3B}") = "Dream.Data", "src\Dream.Data\Dream.Data.xproj", "{71E23632-756C-47D1-9E12-1881A0430CCD}"
EndProject
Project("{8BB2217D-0F2D-49D1-97BC-3654ED321F3B}") = "Dream.Core", "src\Dream.Core\Dream.Core.xproj", "{94F85C1F-21C4-4249-81AE-32F2D25BFC14}"
EndProject
Project("{8BB2217D-0F2D-49D1-97BC-3654ED321F3B}") = "Dream.Common", "src\Dream.Common\Dream.Common.xproj", "{12D8B75B-21CC-428C-89F9-69D9E20507A4}"
EndProject
Global
	GlobalSection(SolutionConfigurationPlatforms) = preSolution
		Debug|Android = Debug|Android
		Debug|Any CPU = Debug|Any CPU
		Debug|iOS = Debug|iOS
		Debug|Windows Phone (Universal) = Debug|Windows Phone (Universal)
		Debug|Windows Phone 8 = Debug|Windows Phone 8
		Debug|Windows-AnyCPU = Debug|Windows-AnyCPU
		Debug|Windows-ARM = Debug|Windows-ARM
		Debug|Windows-x64 = Debug|Windows-x64
		Debug|Windows-x86 = Debug|Windows-x86
		Release|Android = Release|Android
		Release|Any CPU = Release|Any CPU
		Release|iOS = Release|iOS
		Release|Windows Phone (Universal) = Release|Windows Phone (Universal)
		Release|Windows Phone 8 = Release|Windows Phone 8
		Release|Windows-AnyCPU = Release|Windows-AnyCPU
		Release|Windows-ARM = Release|Windows-ARM
		Release|Windows-x64 = Release|Windows-x64
		Release|Windows-x86 = Release|Windows-x86
	EndGlobalSection
	GlobalSection(ProjectConfigurationPlatforms) = postSolution
		{A0EA3796-527A-486C-A017-B40EDAEBB9A7}.Debug|Android.ActiveCfg = Debug|Android
		{A0EA3796-527A-486C-A017-B40EDAEBB9A7}.Debug|Android.Build.0 = Debug|Android
		{A0EA3796-527A-486C-A017-B40EDAEBB9A7}.Debug|Android.Deploy.0 = Debug|Android
		{A0EA3796-527A-486C-A017-B40EDAEBB9A7}.Debug|Any CPU.ActiveCfg = Debug|Android
		{A0EA3796-527A-486C-A017-B40EDAEBB9A7}.Debug|iOS.ActiveCfg = Debug|iOS
		{A0EA3796-527A-486C-A017-B40EDAEBB9A7}.Debug|iOS.Build.0 = Debug|iOS
		{A0EA3796-527A-486C-A017-B40EDAEBB9A7}.Debug|iOS.Deploy.0 = Debug|iOS
		{A0EA3796-527A-486C-A017-B40EDAEBB9A7}.Debug|Windows Phone (Universal).ActiveCfg = Debug|Windows Phone (Universal)
		{A0EA3796-527A-486C-A017-B40EDAEBB9A7}.Debug|Windows Phone (Universal).Build.0 = Debug|Windows Phone (Universal)
		{A0EA3796-527A-486C-A017-B40EDAEBB9A7}.Debug|Windows Phone (Universal).Deploy.0 = Debug|Windows Phone (Universal)
		{A0EA3796-527A-486C-A017-B40EDAEBB9A7}.Debug|Windows Phone 8.ActiveCfg = Debug|Windows Phone 8
		{A0EA3796-527A-486C-A017-B40EDAEBB9A7}.Debug|Windows Phone 8.Build.0 = Debug|Windows Phone 8
		{A0EA3796-527A-486C-A017-B40EDAEBB9A7}.Debug|Windows Phone 8.Deploy.0 = Debug|Windows Phone 8
		{A0EA3796-527A-486C-A017-B40EDAEBB9A7}.Debug|Windows-AnyCPU.ActiveCfg = Debug|Windows-AnyCPU
		{A0EA3796-527A-486C-A017-B40EDAEBB9A7}.Debug|Windows-AnyCPU.Build.0 = Debug|Windows-AnyCPU
		{A0EA3796-527A-486C-A017-B40EDAEBB9A7}.Debug|Windows-AnyCPU.Deploy.0 = Debug|Windows-AnyCPU
		{A0EA3796-527A-486C-A017-B40EDAEBB9A7}.Debug|Windows-ARM.ActiveCfg = Debug|Windows-ARM
		{A0EA3796-527A-486C-A017-B40EDAEBB9A7}.Debug|Windows-ARM.Build.0 = Debug|Windows-ARM
		{A0EA3796-527A-486C-A017-B40EDAEBB9A7}.Debug|Windows-ARM.Deploy.0 = Debug|Windows-ARM
		{A0EA3796-527A-486C-A017-B40EDAEBB9A7}.Debug|Windows-x64.ActiveCfg = Debug|Windows-x64
		{A0EA3796-527A-486C-A017-B40EDAEBB9A7}.Debug|Windows-x64.Build.0 = Debug|Windows-x64
		{A0EA3796-527A-486C-A017-B40EDAEBB9A7}.Debug|Windows-x64.Deploy.0 = Debug|Windows-x64
		{A0EA3796-527A-486C-A017-B40EDAEBB9A7}.Debug|Windows-x86.ActiveCfg = Debug|Windows-x86
		{A0EA3796-527A-486C-A017-B40EDAEBB9A7}.Debug|Windows-x86.Build.0 = Debug|Windows-x86
		{A0EA3796-527A-486C-A017-B40EDAEBB9A7}.Debug|Windows-x86.Deploy.0 = Debug|Windows-x86
		{A0EA3796-527A-486C-A017-B40EDAEBB9A7}.Release|Android.ActiveCfg = Release|Android
		{A0EA3796-527A-486C-A017-B40EDAEBB9A7}.Release|Android.Build.0 = Release|Android
		{A0EA3796-527A-486C-A017-B40EDAEBB9A7}.Release|Android.Deploy.0 = Release|Android
		{A0EA3796-527A-486C-A017-B40EDAEBB9A7}.Release|Any CPU.ActiveCfg = Release|Android
		{A0EA3796-527A-486C-A017-B40EDAEBB9A7}.Release|iOS.ActiveCfg = Release|iOS
		{A0EA3796-527A-486C-A017-B40EDAEBB9A7}.Release|iOS.Build.0 = Release|iOS
		{A0EA3796-527A-486C-A017-B40EDAEBB9A7}.Release|iOS.Deploy.0 = Release|iOS
		{A0EA3796-527A-486C-A017-B40EDAEBB9A7}.Release|Windows Phone (Universal).ActiveCfg = Release|Windows Phone (Universal)
		{A0EA3796-527A-486C-A017-B40EDAEBB9A7}.Release|Windows Phone (Universal).Build.0 = Release|Windows Phone (Universal)
		{A0EA3796-527A-486C-A017-B40EDAEBB9A7}.Release|Windows Phone (Universal).Deploy.0 = Release|Windows Phone (Universal)
		{A0EA3796-527A-486C-A017-B40EDAEBB9A7}.Release|Windows Phone 8.ActiveCfg = Release|Windows Phone 8
		{A0EA3796-527A-486C-A017-B40EDAEBB9A7}.Release|Windows Phone 8.Build.0 = Release|Windows Phone 8
		{A0EA3796-527A-486C-A017-B40EDAEBB9A7}.Release|Windows Phone 8.Deploy.0 = Release|Windows Phone 8
		{A0EA3796-527A-486C-A017-B40EDAEBB9A7}.Release|Windows-AnyCPU.ActiveCfg = Release|Windows-AnyCPU
		{A0EA3796-527A-486C-A017-B40EDAEBB9A7}.Release|Windows-AnyCPU.Build.0 = Release|Windows-AnyCPU
		{A0EA3796-527A-486C-A017-B40EDAEBB9A7}.Release|Windows-AnyCPU.Deploy.0 = Release|Windows-AnyCPU
		{A0EA3796-527A-486C-A017-B40EDAEBB9A7}.Release|Windows-ARM.ActiveCfg = Release|Windows-ARM
		{A0EA3796-527A-486C-A017-B40EDAEBB9A7}.Release|Windows-ARM.Build.0 = Release|Windows-ARM
		{A0EA3796-527A-486C-A017-B40EDAEBB9A7}.Release|Windows-ARM.Deploy.0 = Release|Windows-ARM
		{A0EA3796-527A-486C-A017-B40EDAEBB9A7}.Release|Windows-x64.ActiveCfg = Release|Windows-x64
		{A0EA3796-527A-486C-A017-B40EDAEBB9A7}.Release|Windows-x64.Build.0 = Release|Windows-x64
		{A0EA3796-527A-486C-A017-B40EDAEBB9A7}.Release|Windows-x64.Deploy.0 = Release|Windows-x64
		{A0EA3796-527A-486C-A017-B40EDAEBB9A7}.Release|Windows-x86.ActiveCfg = Release|Windows-x86
		{A0EA3796-527A-486C-A017-B40EDAEBB9A7}.Release|Windows-x86.Build.0 = Release|Windows-x86
		{A0EA3796-527A-486C-A017-B40EDAEBB9A7}.Release|Windows-x86.Deploy.0 = Release|Windows-x86
		{4C126316-1279-4BCD-9859-E1F193649972}.Debug|Android.ActiveCfg = Debug|Any CPU
		{4C126316-1279-4BCD-9859-E1F193649972}.Debug|Android.Build.0 = Debug|Any CPU
		{4C126316-1279-4BCD-9859-E1F193649972}.Debug|Any CPU.ActiveCfg = Debug|Any CPU
		{4C126316-1279-4BCD-9859-E1F193649972}.Debug|Any CPU.Build.0 = Debug|Any CPU
		{4C126316-1279-4BCD-9859-E1F193649972}.Debug|iOS.ActiveCfg = Debug|Any CPU
		{4C126316-1279-4BCD-9859-E1F193649972}.Debug|iOS.Build.0 = Debug|Any CPU
		{4C126316-1279-4BCD-9859-E1F193649972}.Debug|Windows Phone (Universal).ActiveCfg = Debug|Any CPU
		{4C126316-1279-4BCD-9859-E1F193649972}.Debug|Windows Phone (Universal).Build.0 = Debug|Any CPU
		{4C126316-1279-4BCD-9859-E1F193649972}.Debug|Windows Phone 8.ActiveCfg = Debug|Any CPU
		{4C126316-1279-4BCD-9859-E1F193649972}.Debug|Windows Phone 8.Build.0 = Debug|Any CPU
		{4C126316-1279-4BCD-9859-E1F193649972}.Debug|Windows-AnyCPU.ActiveCfg = Debug|Any CPU
		{4C126316-1279-4BCD-9859-E1F193649972}.Debug|Windows-AnyCPU.Build.0 = Debug|Any CPU
		{4C126316-1279-4BCD-9859-E1F193649972}.Debug|Windows-ARM.ActiveCfg = Debug|Any CPU
		{4C126316-1279-4BCD-9859-E1F193649972}.Debug|Windows-ARM.Build.0 = Debug|Any CPU
		{4C126316-1279-4BCD-9859-E1F193649972}.Debug|Windows-x64.ActiveCfg = Debug|Any CPU
		{4C126316-1279-4BCD-9859-E1F193649972}.Debug|Windows-x64.Build.0 = Debug|Any CPU
		{4C126316-1279-4BCD-9859-E1F193649972}.Debug|Windows-x86.ActiveCfg = Debug|Any CPU
		{4C126316-1279-4BCD-9859-E1F193649972}.Debug|Windows-x86.Build.0 = Debug|Any CPU
		{4C126316-1279-4BCD-9859-E1F193649972}.Release|Android.ActiveCfg = Release|Any CPU
		{4C126316-1279-4BCD-9859-E1F193649972}.Release|Android.Build.0 = Release|Any CPU
		{4C126316-1279-4BCD-9859-E1F193649972}.Release|Any CPU.ActiveCfg = Release|Any CPU
		{4C126316-1279-4BCD-9859-E1F193649972}.Release|Any CPU.Build.0 = Release|Any CPU
		{4C126316-1279-4BCD-9859-E1F193649972}.Release|iOS.ActiveCfg = Release|Any CPU
		{4C126316-1279-4BCD-9859-E1F193649972}.Release|iOS.Build.0 = Release|Any CPU
		{4C126316-1279-4BCD-9859-E1F193649972}.Release|Windows Phone (Universal).ActiveCfg = Release|Any CPU
		{4C126316-1279-4BCD-9859-E1F193649972}.Release|Windows Phone (Universal).Build.0 = Release|Any CPU
		{4C126316-1279-4BCD-9859-E1F193649972}.Release|Windows Phone 8.ActiveCfg = Release|Any CPU
		{4C126316-1279-4BCD-9859-E1F193649972}.Release|Windows Phone 8.Build.0 = Release|Any CPU
		{4C126316-1279-4BCD-9859-E1F193649972}.Release|Windows-AnyCPU.ActiveCfg = Release|Any CPU
		{4C126316-1279-4BCD-9859-E1F193649972}.Release|Windows-AnyCPU.Build.0 = Release|Any CPU
		{4C126316-1279-4BCD-9859-E1F193649972}.Release|Windows-ARM.ActiveCfg = Release|Any CPU
		{4C126316-1279-4BCD-9859-E1F193649972}.Release|Windows-ARM.Build.0 = Release|Any CPU
		{4C126316-1279-4BCD-9859-E1F193649972}.Release|Windows-x64.ActiveCfg = Release|Any CPU
		{4C126316-1279-4BCD-9859-E1F193649972}.Release|Windows-x64.Build.0 = Release|Any CPU
		{4C126316-1279-4BCD-9859-E1F193649972}.Release|Windows-x86.ActiveCfg = Release|Any CPU
		{4C126316-1279-4BCD-9859-E1F193649972}.Release|Windows-x86.Build.0 = Release|Any CPU
		{71E23632-756C-47D1-9E12-1881A0430CCD}.Debug|Android.ActiveCfg = Debug|Any CPU
		{71E23632-756C-47D1-9E12-1881A0430CCD}.Debug|Android.Build.0 = Debug|Any CPU
		{71E23632-756C-47D1-9E12-1881A0430CCD}.Debug|Any CPU.ActiveCfg = Debug|Any CPU
		{71E23632-756C-47D1-9E12-1881A0430CCD}.Debug|Any CPU.Build.0 = Debug|Any CPU
		{71E23632-756C-47D1-9E12-1881A0430CCD}.Debug|iOS.ActiveCfg = Debug|Any CPU
		{71E23632-756C-47D1-9E12-1881A0430CCD}.Debug|iOS.Build.0 = Debug|Any CPU
		{71E23632-756C-47D1-9E12-1881A0430CCD}.Debug|Windows Phone (Universal).ActiveCfg = Debug|Any CPU
		{71E23632-756C-47D1-9E12-1881A0430CCD}.Debug|Windows Phone (Universal).Build.0 = Debug|Any CPU
		{71E23632-756C-47D1-9E12-1881A0430CCD}.Debug|Windows Phone 8.ActiveCfg = Debug|Any CPU
		{71E23632-756C-47D1-9E12-1881A0430CCD}.Debug|Windows Phone 8.Build.0 = Debug|Any CPU
		{71E23632-756C-47D1-9E12-1881A0430CCD}.Debug|Windows-AnyCPU.ActiveCfg = Debug|Any CPU
		{71E23632-756C-47D1-9E12-1881A0430CCD}.Debug|Windows-AnyCPU.Build.0 = Debug|Any CPU
		{71E23632-756C-47D1-9E12-1881A0430CCD}.Debug|Windows-ARM.ActiveCfg = Debug|Any CPU
		{71E23632-756C-47D1-9E12-1881A0430CCD}.Debug|Windows-ARM.Build.0 = Debug|Any CPU
		{71E23632-756C-47D1-9E12-1881A0430CCD}.Debug|Windows-x64.ActiveCfg = Debug|Any CPU
		{71E23632-756C-47D1-9E12-1881A0430CCD}.Debug|Windows-x64.Build.0 = Debug|Any CPU
		{71E23632-756C-47D1-9E12-1881A0430CCD}.Debug|Windows-x86.ActiveCfg = Debug|Any CPU
		{71E23632-756C-47D1-9E12-1881A0430CCD}.Debug|Windows-x86.Build.0 = Debug|Any CPU
		{71E23632-756C-47D1-9E12-1881A0430CCD}.Release|Android.ActiveCfg = Release|Any CPU
		{71E23632-756C-47D1-9E12-1881A0430CCD}.Release|Android.Build.0 = Release|Any CPU
		{71E23632-756C-47D1-9E12-1881A0430CCD}.Release|Any CPU.ActiveCfg = Release|Any CPU
		{71E23632-756C-47D1-9E12-1881A0430CCD}.Release|Any CPU.Build.0 = Release|Any CPU
		{71E23632-756C-47D1-9E12-1881A0430CCD}.Release|iOS.ActiveCfg = Release|Any CPU
		{71E23632-756C-47D1-9E12-1881A0430CCD}.Release|iOS.Build.0 = Release|Any CPU
		{71E23632-756C-47D1-9E12-1881A0430CCD}.Release|Windows Phone (Universal).ActiveCfg = Release|Any CPU
		{71E23632-756C-47D1-9E12-1881A0430CCD}.Release|Windows Phone (Universal).Build.0 = Release|Any CPU
		{71E23632-756C-47D1-9E12-1881A0430CCD}.Release|Windows Phone 8.ActiveCfg = Release|Any CPU
		{71E23632-756C-47D1-9E12-1881A0430CCD}.Release|Windows Phone 8.Build.0 = Release|Any CPU
		{71E23632-756C-47D1-9E12-1881A0430CCD}.Release|Windows-AnyCPU.ActiveCfg = Release|Any CPU
		{71E23632-756C-47D1-9E12-1881A0430CCD}.Release|Windows-AnyCPU.Build.0 = Release|Any CPU
		{71E23632-756C-47D1-9E12-1881A0430CCD}.Release|Windows-ARM.ActiveCfg = Release|Any CPU
		{71E23632-756C-47D1-9E12-1881A0430CCD}.Release|Windows-ARM.Build.0 = Release|Any CPU
		{71E23632-756C-47D1-9E12-1881A0430CCD}.Release|Windows-x64.ActiveCfg = Release|Any CPU
		{71E23632-756C-47D1-9E12-1881A0430CCD}.Release|Windows-x64.Build.0 = Release|Any CPU
		{71E23632-756C-47D1-9E12-1881A0430CCD}.Release|Windows-x86.ActiveCfg = Release|Any CPU
		{71E23632-756C-47D1-9E12-1881A0430CCD}.Release|Windows-x86.Build.0 = Release|Any CPU
		{94F85C1F-21C4-4249-81AE-32F2D25BFC14}.Debug|Android.ActiveCfg = Debug|Any CPU
		{94F85C1F-21C4-4249-81AE-32F2D25BFC14}.Debug|Android.Build.0 = Debug|Any CPU
		{94F85C1F-21C4-4249-81AE-32F2D25BFC14}.Debug|Any CPU.ActiveCfg = Debug|Any CPU
		{94F85C1F-21C4-4249-81AE-32F2D25BFC14}.Debug|Any CPU.Build.0 = Debug|Any CPU
		{94F85C1F-21C4-4249-81AE-32F2D25BFC14}.Debug|iOS.ActiveCfg = Debug|Any CPU
		{94F85C1F-21C4-4249-81AE-32F2D25BFC14}.Debug|iOS.Build.0 = Debug|Any CPU
		{94F85C1F-21C4-4249-81AE-32F2D25BFC14}.Debug|Windows Phone (Universal).ActiveCfg = Debug|Any CPU
		{94F85C1F-21C4-4249-81AE-32F2D25BFC14}.Debug|Windows Phone (Universal).Build.0 = Debug|Any CPU
		{94F85C1F-21C4-4249-81AE-32F2D25BFC14}.Debug|Windows Phone 8.ActiveCfg = Debug|Any CPU
		{94F85C1F-21C4-4249-81AE-32F2D25BFC14}.Debug|Windows Phone 8.Build.0 = Debug|Any CPU
		{94F85C1F-21C4-4249-81AE-32F2D25BFC14}.Debug|Windows-AnyCPU.ActiveCfg = Debug|Any CPU
		{94F85C1F-21C4-4249-81AE-32F2D25BFC14}.Debug|Windows-AnyCPU.Build.0 = Debug|Any CPU
		{94F85C1F-21C4-4249-81AE-32F2D25BFC14}.Debug|Windows-ARM.ActiveCfg = Debug|Any CPU
		{94F85C1F-21C4-4249-81AE-32F2D25BFC14}.Debug|Windows-ARM.Build.0 = Debug|Any CPU
		{94F85C1F-21C4-4249-81AE-32F2D25BFC14}.Debug|Windows-x64.ActiveCfg = Debug|Any CPU
		{94F85C1F-21C4-4249-81AE-32F2D25BFC14}.Debug|Windows-x64.Build.0 = Debug|Any CPU
		{94F85C1F-21C4-4249-81AE-32F2D25BFC14}.Debug|Windows-x86.ActiveCfg = Debug|Any CPU
		{94F85C1F-21C4-4249-81AE-32F2D25BFC14}.Debug|Windows-x86.Build.0 = Debug|Any CPU
		{94F85C1F-21C4-4249-81AE-32F2D25BFC14}.Release|Android.ActiveCfg = Release|Any CPU
		{94F85C1F-21C4-4249-81AE-32F2D25BFC14}.Release|Android.Build.0 = Release|Any CPU
		{94F85C1F-21C4-4249-81AE-32F2D25BFC14}.Release|Any CPU.ActiveCfg = Release|Any CPU
		{94F85C1F-21C4-4249-81AE-32F2D25BFC14}.Release|Any CPU.Build.0 = Release|Any CPU
		{94F85C1F-21C4-4249-81AE-32F2D25BFC14}.Release|iOS.ActiveCfg = Release|Any CPU
		{94F85C1F-21C4-4249-81AE-32F2D25BFC14}.Release|iOS.Build.0 = Release|Any CPU
		{94F85C1F-21C4-4249-81AE-32F2D25BFC14}.Release|Windows Phone (Universal).ActiveCfg = Release|Any CPU
		{94F85C1F-21C4-4249-81AE-32F2D25BFC14}.Release|Windows Phone (Universal).Build.0 = Release|Any CPU
		{94F85C1F-21C4-4249-81AE-32F2D25BFC14}.Release|Windows Phone 8.ActiveCfg = Release|Any CPU
		{94F85C1F-21C4-4249-81AE-32F2D25BFC14}.Release|Windows Phone 8.Build.0 = Release|Any CPU
		{94F85C1F-21C4-4249-81AE-32F2D25BFC14}.Release|Windows-AnyCPU.ActiveCfg = Release|Any CPU
		{94F85C1F-21C4-4249-81AE-32F2D25BFC14}.Release|Windows-AnyCPU.Build.0 = Release|Any CPU
		{94F85C1F-21C4-4249-81AE-32F2D25BFC14}.Release|Windows-ARM.ActiveCfg = Release|Any CPU
		{94F85C1F-21C4-4249-81AE-32F2D25BFC14}.Release|Windows-ARM.Build.0 = Release|Any CPU
		{94F85C1F-21C4-4249-81AE-32F2D25BFC14}.Release|Windows-x64.ActiveCfg = Release|Any CPU
		{94F85C1F-21C4-4249-81AE-32F2D25BFC14}.Release|Windows-x64.Build.0 = Release|Any CPU
		{94F85C1F-21C4-4249-81AE-32F2D25BFC14}.Release|Windows-x86.ActiveCfg = Release|Any CPU
		{94F85C1F-21C4-4249-81AE-32F2D25BFC14}.Release|Windows-x86.Build.0 = Release|Any CPU
		{12D8B75B-21CC-428C-89F9-69D9E20507A4}.Debug|Android.ActiveCfg = Debug|Any CPU
		{12D8B75B-21CC-428C-89F9-69D9E20507A4}.Debug|Android.Build.0 = Debug|Any CPU
		{12D8B75B-21CC-428C-89F9-69D9E20507A4}.Debug|Any CPU.ActiveCfg = Debug|Any CPU
		{12D8B75B-21CC-428C-89F9-69D9E20507A4}.Debug|Any CPU.Build.0 = Debug|Any CPU
		{12D8B75B-21CC-428C-89F9-69D9E20507A4}.Debug|iOS.ActiveCfg = Debug|Any CPU
		{12D8B75B-21CC-428C-89F9-69D9E20507A4}.Debug|iOS.Build.0 = Debug|Any CPU
		{12D8B75B-21CC-428C-89F9-69D9E20507A4}.Debug|Windows Phone (Universal).ActiveCfg = Debug|Any CPU
		{12D8B75B-21CC-428C-89F9-69D9E20507A4}.Debug|Windows Phone (Universal).Build.0 = Debug|Any CPU
		{12D8B75B-21CC-428C-89F9-69D9E20507A4}.Debug|Windows Phone 8.ActiveCfg = Debug|Any CPU
		{12D8B75B-21CC-428C-89F9-69D9E20507A4}.Debug|Windows Phone 8.Build.0 = Debug|Any CPU
		{12D8B75B-21CC-428C-89F9-69D9E20507A4}.Debug|Windows-AnyCPU.ActiveCfg = Debug|Any CPU
		{12D8B75B-21CC-428C-89F9-69D9E20507A4}.Debug|Windows-AnyCPU.Build.0 = Debug|Any CPU
		{12D8B75B-21CC-428C-89F9-69D9E20507A4}.Debug|Windows-ARM.ActiveCfg = Debug|Any CPU
		{12D8B75B-21CC-428C-89F9-69D9E20507A4}.Debug|Windows-ARM.Build.0 = Debug|Any CPU
		{12D8B75B-21CC-428C-89F9-69D9E20507A4}.Debug|Windows-x64.ActiveCfg = Debug|Any CPU
		{12D8B75B-21CC-428C-89F9-69D9E20507A4}.Debug|Windows-x64.Build.0 = Debug|Any CPU
		{12D8B75B-21CC-428C-89F9-69D9E20507A4}.Debug|Windows-x86.ActiveCfg = Debug|Any CPU
		{12D8B75B-21CC-428C-89F9-69D9E20507A4}.Debug|Windows-x86.Build.0 = Debug|Any CPU
		{12D8B75B-21CC-428C-89F9-69D9E20507A4}.Release|Android.ActiveCfg = Release|Any CPU
		{12D8B75B-21CC-428C-89F9-69D9E20507A4}.Release|Android.Build.0 = Release|Any CPU
		{12D8B75B-21CC-428C-89F9-69D9E20507A4}.Release|Any CPU.ActiveCfg = Release|Any CPU
		{12D8B75B-21CC-428C-89F9-69D9E20507A4}.Release|Any CPU.Build.0 = Release|Any CPU
		{12D8B75B-21CC-428C-89F9-69D9E20507A4}.Release|iOS.ActiveCfg = Release|Any CPU
		{12D8B75B-21CC-428C-89F9-69D9E20507A4}.Release|iOS.Build.0 = Release|Any CPU
		{12D8B75B-21CC-428C-89F9-69D9E20507A4}.Release|Windows Phone (Universal).ActiveCfg = Release|Any CPU
		{12D8B75B-21CC-428C-89F9-69D9E20507A4}.Release|Windows Phone (Universal).Build.0 = Release|Any CPU
		{12D8B75B-21CC-428C-89F9-69D9E20507A4}.Release|Windows Phone 8.ActiveCfg = Release|Any CPU
		{12D8B75B-21CC-428C-89F9-69D9E20507A4}.Release|Windows Phone 8.Build.0 = Release|Any CPU
		{12D8B75B-21CC-428C-89F9-69D9E20507A4}.Release|Windows-AnyCPU.ActiveCfg = Release|Any CPU
		{12D8B75B-21CC-428C-89F9-69D9E20507A4}.Release|Windows-AnyCPU.Build.0 = Release|Any CPU
		{12D8B75B-21CC-428C-89F9-69D9E20507A4}.Release|Windows-ARM.ActiveCfg = Release|Any CPU
		{12D8B75B-21CC-428C-89F9-69D9E20507A4}.Release|Windows-ARM.Build.0 = Release|Any CPU
		{12D8B75B-21CC-428C-89F9-69D9E20507A4}.Release|Windows-x64.ActiveCfg = Release|Any CPU
		{12D8B75B-21CC-428C-89F9-69D9E20507A4}.Release|Windows-x64.Build.0 = Release|Any CPU
		{12D8B75B-21CC-428C-89F9-69D9E20507A4}.Release|Windows-x86.ActiveCfg = Release|Any CPU
		{12D8B75B-21CC-428C-89F9-69D9E20507A4}.Release|Windows-x86.Build.0 = Release|Any CPU
	EndGlobalSection
	GlobalSection(SolutionProperties) = preSolution
		HideSolutionNode = FALSE
	EndGlobalSection
	GlobalSection(NestedProjects) = preSolution
		{71E23632-756C-47D1-9E12-1881A0430CCD} = {80B3EBFB-04EC-4710-ABC1-B6C177BE04E7}
		{94F85C1F-21C4-4249-81AE-32F2D25BFC14} = {3070C419-E986-4A5D-8C8B-CB4F0AC5E782}
		{12D8B75B-21CC-428C-89F9-69D9E20507A4} = {D62F3E89-4A25-4550-B5BF-63C23BCDE4FE}
	EndGlobalSection
EndGlobal
