
Microsoft Visual Studio Solution File, Format Version 12.00
# Visual Studio 14
VisualStudioVersion = 14.0.25123.0
MinimumVisualStudioVersion = 10.0.40219.1
Project("{2150E333-8FDC-42A3-9474-1A3956D46DE8}") = "src", "src", "{DB40A7C0-975F-4E4F-B993-E88F841EFCCA}"
EndProject
Project("{2150E333-8FDC-42A3-9474-1A3956D46DE8}") = "Solution Items", "Solution Items", "{0D8C527A-8258-490D-AFFD-DF04B1A522CB}"
	ProjectSection(SolutionItems) = preProject
		global.json = global.json
	EndProjectSection
EndProject
Project("{8BB2217D-0F2D-49D1-97BC-3654ED321F3B}") = "Dream.Api", "src\Dream.Api\Dream.Api.xproj", "{31126B97-09D1-49C3-ABE8-A024EC292549}"
EndProject
Project("{2150E333-8FDC-42A3-9474-1A3956D46DE8}") = "Core", "Core", "{34504573-3B34-4BBE-8C31-6C43C354C474}"
EndProject
Project("{8BB2217D-0F2D-49D1-97BC-3654ED321F3B}") = "Dream.Core", "src\Dream.Core\Dream.Core.xproj", "{47F7612B-6127-4EC7-942C-2268606214F5}"
EndProject
Project("{2150E333-8FDC-42A3-9474-1A3956D46DE8}") = "Common", "Common", "{47AB9643-E4BE-47DD-9C54-CC207039D95F}"
EndProject
Project("{8BB2217D-0F2D-49D1-97BC-3654ED321F3B}") = "Dream.Common", "src\Dream.Common\Dream.Common.xproj", "{FA24ABF3-C8BD-4A8E-81AF-F80E89116FD9}"
EndProject
Project("{2150E333-8FDC-42A3-9474-1A3956D46DE8}") = "Data", "Data", "{8DBADA89-9F6F-407C-ABCB-6960EC26CCB7}"
EndProject
Project("{8BB2217D-0F2D-49D1-97BC-3654ED321F3B}") = "Dream.Data", "src\Dream.Data\Dream.Data.xproj", "{6B6E2E83-A5C8-4476-8BDD-0DC2CDB855FE}"
EndProject
Project("{8BB2217D-0F2D-49D1-97BC-3654ED321F3B}") = "Dream.Repo", "src\Dream.Repo\Dream.Repo.xproj", "{E77F128B-18A5-4810-88B6-10EE149AE3B3}"
EndProject
Project("{2150E333-8FDC-42A3-9474-1A3956D46DE8}") = "Svc", "Svc", "{B9D96141-2107-4FBB-97FD-66805022C2F0}"
EndProject
Project("{8BB2217D-0F2D-49D1-97BC-3654ED321F3B}") = "Dream.Svc", "src\Dream.Svc\Dream.Svc.xproj", "{A3131233-F596-4845-83E6-1A7F03B05386}"
EndProject
Project("{262852C6-CD72-467D-83FE-5EEB1973A190}") = "Dream.Ionic", "src\Dream.Ionic\Dream.Ionic.jsproj", "{A0EA3796-527A-486C-A017-B40EDAEBB9A7}"
EndProject
Global
	GlobalSection(SolutionConfigurationPlatforms) = preSolution
		Debug|Android = Debug|Android
		Debug|Any CPU = Debug|Any CPU
		Debug|iOS = Debug|iOS
		Debug|Windows Phone (Universal) = Debug|Windows Phone (Universal)
		Debug|Windows Phone 8 = Debug|Windows Phone 8
		Debug|Windows-AnyCPU = Debug|Windows-AnyCPU
		Debug|Windows-ARM = Debug|Windows-ARM
		Debug|Windows-x64 = Debug|Windows-x64
		Debug|Windows-x86 = Debug|Windows-x86
		Release|Android = Release|Android
		Release|Any CPU = Release|Any CPU
		Release|iOS = Release|iOS
		Release|Windows Phone (Universal) = Release|Windows Phone (Universal)
		Release|Windows Phone 8 = Release|Windows Phone 8
		Release|Windows-AnyCPU = Release|Windows-AnyCPU
		Release|Windows-ARM = Release|Windows-ARM
		Release|Windows-x64 = Release|Windows-x64
		Release|Windows-x86 = Release|Windows-x86
	EndGlobalSection
	GlobalSection(ProjectConfigurationPlatforms) = postSolution
		{31126B97-09D1-49C3-ABE8-A024EC292549}.Debug|Android.ActiveCfg = Debug|Any CPU
		{31126B97-09D1-49C3-ABE8-A024EC292549}.Debug|Android.Build.0 = Debug|Any CPU
		{31126B97-09D1-49C3-ABE8-A024EC292549}.Debug|Any CPU.ActiveCfg = Debug|Any CPU
		{31126B97-09D1-49C3-ABE8-A024EC292549}.Debug|Any CPU.Build.0 = Debug|Any CPU
		{31126B97-09D1-49C3-ABE8-A024EC292549}.Debug|iOS.ActiveCfg = Debug|Any CPU
		{31126B97-09D1-49C3-ABE8-A024EC292549}.Debug|iOS.Build.0 = Debug|Any CPU
		{31126B97-09D1-49C3-ABE8-A024EC292549}.Debug|Windows Phone (Universal).ActiveCfg = Debug|Any CPU
		{31126B97-09D1-49C3-ABE8-A024EC292549}.Debug|Windows Phone (Universal).Build.0 = Debug|Any CPU
		{31126B97-09D1-49C3-ABE8-A024EC292549}.Debug|Windows Phone 8.ActiveCfg = Debug|Any CPU
		{31126B97-09D1-49C3-ABE8-A024EC292549}.Debug|Windows Phone 8.Build.0 = Debug|Any CPU
		{31126B97-09D1-49C3-ABE8-A024EC292549}.Debug|Windows-AnyCPU.ActiveCfg = Debug|Any CPU
		{31126B97-09D1-49C3-ABE8-A024EC292549}.Debug|Windows-AnyCPU.Build.0 = Debug|Any CPU
		{31126B97-09D1-49C3-ABE8-A024EC292549}.Debug|Windows-ARM.ActiveCfg = Debug|Any CPU
		{31126B97-09D1-49C3-ABE8-A024EC292549}.Debug|Windows-ARM.Build.0 = Debug|Any CPU
		{31126B97-09D1-49C3-ABE8-A024EC292549}.Debug|Windows-x64.ActiveCfg = Debug|Any CPU
		{31126B97-09D1-49C3-ABE8-A024EC292549}.Debug|Windows-x64.Build.0 = Debug|Any CPU
		{31126B97-09D1-49C3-ABE8-A024EC292549}.Debug|Windows-x86.ActiveCfg = Debug|Any CPU
		{31126B97-09D1-49C3-ABE8-A024EC292549}.Debug|Windows-x86.Build.0 = Debug|Any CPU
		{31126B97-09D1-49C3-ABE8-A024EC292549}.Release|Android.ActiveCfg = Release|Any CPU
		{31126B97-09D1-49C3-ABE8-A024EC292549}.Release|Android.Build.0 = Release|Any CPU
		{31126B97-09D1-49C3-ABE8-A024EC292549}.Release|Any CPU.ActiveCfg = Release|Any CPU
		{31126B97-09D1-49C3-ABE8-A024EC292549}.Release|Any CPU.Build.0 = Release|Any CPU
		{31126B97-09D1-49C3-ABE8-A024EC292549}.Release|iOS.ActiveCfg = Release|Any CPU
		{31126B97-09D1-49C3-ABE8-A024EC292549}.Release|iOS.Build.0 = Release|Any CPU
		{31126B97-09D1-49C3-ABE8-A024EC292549}.Release|Windows Phone (Universal).ActiveCfg = Release|Any CPU
		{31126B97-09D1-49C3-ABE8-A024EC292549}.Release|Windows Phone (Universal).Build.0 = Release|Any CPU
		{31126B97-09D1-49C3-ABE8-A024EC292549}.Release|Windows Phone 8.ActiveCfg = Release|Any CPU
		{31126B97-09D1-49C3-ABE8-A024EC292549}.Release|Windows Phone 8.Build.0 = Release|Any CPU
		{31126B97-09D1-49C3-ABE8-A024EC292549}.Release|Windows-AnyCPU.ActiveCfg = Release|Any CPU
		{31126B97-09D1-49C3-ABE8-A024EC292549}.Release|Windows-AnyCPU.Build.0 = Release|Any CPU
		{31126B97-09D1-49C3-ABE8-A024EC292549}.Release|Windows-ARM.ActiveCfg = Release|Any CPU
		{31126B97-09D1-49C3-ABE8-A024EC292549}.Release|Windows-ARM.Build.0 = Release|Any CPU
		{31126B97-09D1-49C3-ABE8-A024EC292549}.Release|Windows-x64.ActiveCfg = Release|Any CPU
		{31126B97-09D1-49C3-ABE8-A024EC292549}.Release|Windows-x64.Build.0 = Release|Any CPU
		{31126B97-09D1-49C3-ABE8-A024EC292549}.Release|Windows-x86.ActiveCfg = Release|Any CPU
		{31126B97-09D1-49C3-ABE8-A024EC292549}.Release|Windows-x86.Build.0 = Release|Any CPU
		{47F7612B-6127-4EC7-942C-2268606214F5}.Debug|Android.ActiveCfg = Debug|Any CPU
		{47F7612B-6127-4EC7-942C-2268606214F5}.Debug|Android.Build.0 = Debug|Any CPU
		{47F7612B-6127-4EC7-942C-2268606214F5}.Debug|Any CPU.ActiveCfg = Debug|Any CPU
		{47F7612B-6127-4EC7-942C-2268606214F5}.Debug|Any CPU.Build.0 = Debug|Any CPU
		{47F7612B-6127-4EC7-942C-2268606214F5}.Debug|iOS.ActiveCfg = Debug|Any CPU
		{47F7612B-6127-4EC7-942C-2268606214F5}.Debug|iOS.Build.0 = Debug|Any CPU
		{47F7612B-6127-4EC7-942C-2268606214F5}.Debug|Windows Phone (Universal).ActiveCfg = Debug|Any CPU
		{47F7612B-6127-4EC7-942C-2268606214F5}.Debug|Windows Phone (Universal).Build.0 = Debug|Any CPU
		{47F7612B-6127-4EC7-942C-2268606214F5}.Debug|Windows Phone 8.ActiveCfg = Debug|Any CPU
		{47F7612B-6127-4EC7-942C-2268606214F5}.Debug|Windows Phone 8.Build.0 = Debug|Any CPU
		{47F7612B-6127-4EC7-942C-2268606214F5}.Debug|Windows-AnyCPU.ActiveCfg = Debug|Any CPU
		{47F7612B-6127-4EC7-942C-2268606214F5}.Debug|Windows-AnyCPU.Build.0 = Debug|Any CPU
		{47F7612B-6127-4EC7-942C-2268606214F5}.Debug|Windows-ARM.ActiveCfg = Debug|Any CPU
		{47F7612B-6127-4EC7-942C-2268606214F5}.Debug|Windows-ARM.Build.0 = Debug|Any CPU
		{47F7612B-6127-4EC7-942C-2268606214F5}.Debug|Windows-x64.ActiveCfg = Debug|Any CPU
		{47F7612B-6127-4EC7-942C-2268606214F5}.Debug|Windows-x64.Build.0 = Debug|Any CPU
		{47F7612B-6127-4EC7-942C-2268606214F5}.Debug|Windows-x86.ActiveCfg = Debug|Any CPU
		{47F7612B-6127-4EC7-942C-2268606214F5}.Debug|Windows-x86.Build.0 = Debug|Any CPU
		{47F7612B-6127-4EC7-942C-2268606214F5}.Release|Android.ActiveCfg = Release|Any CPU
		{47F7612B-6127-4EC7-942C-2268606214F5}.Release|Android.Build.0 = Release|Any CPU
		{47F7612B-6127-4EC7-942C-2268606214F5}.Release|Any CPU.ActiveCfg = Release|Any CPU
		{47F7612B-6127-4EC7-942C-2268606214F5}.Release|Any CPU.Build.0 = Release|Any CPU
		{47F7612B-6127-4EC7-942C-2268606214F5}.Release|iOS.ActiveCfg = Release|Any CPU
		{47F7612B-6127-4EC7-942C-2268606214F5}.Release|iOS.Build.0 = Release|Any CPU
		{47F7612B-6127-4EC7-942C-2268606214F5}.Release|Windows Phone (Universal).ActiveCfg = Release|Any CPU
		{47F7612B-6127-4EC7-942C-2268606214F5}.Release|Windows Phone (Universal).Build.0 = Release|Any CPU
		{47F7612B-6127-4EC7-942C-2268606214F5}.Release|Windows Phone 8.ActiveCfg = Release|Any CPU
		{47F7612B-6127-4EC7-942C-2268606214F5}.Release|Windows Phone 8.Build.0 = Release|Any CPU
		{47F7612B-6127-4EC7-942C-2268606214F5}.Release|Windows-AnyCPU.ActiveCfg = Release|Any CPU
		{47F7612B-6127-4EC7-942C-2268606214F5}.Release|Windows-AnyCPU.Build.0 = Release|Any CPU
		{47F7612B-6127-4EC7-942C-2268606214F5}.Release|Windows-ARM.ActiveCfg = Release|Any CPU
		{47F7612B-6127-4EC7-942C-2268606214F5}.Release|Windows-ARM.Build.0 = Release|Any CPU
		{47F7612B-6127-4EC7-942C-2268606214F5}.Release|Windows-x64.ActiveCfg = Release|Any CPU
		{47F7612B-6127-4EC7-942C-2268606214F5}.Release|Windows-x64.Build.0 = Release|Any CPU
		{47F7612B-6127-4EC7-942C-2268606214F5}.Release|Windows-x86.ActiveCfg = Release|Any CPU
		{47F7612B-6127-4EC7-942C-2268606214F5}.Release|Windows-x86.Build.0 = Release|Any CPU
		{FA24ABF3-C8BD-4A8E-81AF-F80E89116FD9}.Debug|Android.ActiveCfg = Debug|Any CPU
		{FA24ABF3-C8BD-4A8E-81AF-F80E89116FD9}.Debug|Android.Build.0 = Debug|Any CPU
		{FA24ABF3-C8BD-4A8E-81AF-F80E89116FD9}.Debug|Any CPU.ActiveCfg = Debug|Any CPU
		{FA24ABF3-C8BD-4A8E-81AF-F80E89116FD9}.Debug|Any CPU.Build.0 = Debug|Any CPU
		{FA24ABF3-C8BD-4A8E-81AF-F80E89116FD9}.Debug|iOS.ActiveCfg = Debug|Any CPU
		{FA24ABF3-C8BD-4A8E-81AF-F80E89116FD9}.Debug|iOS.Build.0 = Debug|Any CPU
		{FA24ABF3-C8BD-4A8E-81AF-F80E89116FD9}.Debug|Windows Phone (Universal).ActiveCfg = Debug|Any CPU
		{FA24ABF3-C8BD-4A8E-81AF-F80E89116FD9}.Debug|Windows Phone (Universal).Build.0 = Debug|Any CPU
		{FA24ABF3-C8BD-4A8E-81AF-F80E89116FD9}.Debug|Windows Phone 8.ActiveCfg = Debug|Any CPU
		{FA24ABF3-C8BD-4A8E-81AF-F80E89116FD9}.Debug|Windows Phone 8.Build.0 = Debug|Any CPU
		{FA24ABF3-C8BD-4A8E-81AF-F80E89116FD9}.Debug|Windows-AnyCPU.ActiveCfg = Debug|Any CPU
		{FA24ABF3-C8BD-4A8E-81AF-F80E89116FD9}.Debug|Windows-AnyCPU.Build.0 = Debug|Any CPU
		{FA24ABF3-C8BD-4A8E-81AF-F80E89116FD9}.Debug|Windows-ARM.ActiveCfg = Debug|Any CPU
		{FA24ABF3-C8BD-4A8E-81AF-F80E89116FD9}.Debug|Windows-ARM.Build.0 = Debug|Any CPU
		{FA24ABF3-C8BD-4A8E-81AF-F80E89116FD9}.Debug|Windows-x64.ActiveCfg = Debug|Any CPU
		{FA24ABF3-C8BD-4A8E-81AF-F80E89116FD9}.Debug|Windows-x64.Build.0 = Debug|Any CPU
		{FA24ABF3-C8BD-4A8E-81AF-F80E89116FD9}.Debug|Windows-x86.ActiveCfg = Debug|Any CPU
		{FA24ABF3-C8BD-4A8E-81AF-F80E89116FD9}.Debug|Windows-x86.Build.0 = Debug|Any CPU
		{FA24ABF3-C8BD-4A8E-81AF-F80E89116FD9}.Release|Android.ActiveCfg = Release|Any CPU
		{FA24ABF3-C8BD-4A8E-81AF-F80E89116FD9}.Release|Android.Build.0 = Release|Any CPU
		{FA24ABF3-C8BD-4A8E-81AF-F80E89116FD9}.Release|Any CPU.ActiveCfg = Release|Any CPU
		{FA24ABF3-C8BD-4A8E-81AF-F80E89116FD9}.Release|Any CPU.Build.0 = Release|Any CPU
		{FA24ABF3-C8BD-4A8E-81AF-F80E89116FD9}.Release|iOS.ActiveCfg = Release|Any CPU
		{FA24ABF3-C8BD-4A8E-81AF-F80E89116FD9}.Release|iOS.Build.0 = Release|Any CPU
		{FA24ABF3-C8BD-4A8E-81AF-F80E89116FD9}.Release|Windows Phone (Universal).ActiveCfg = Release|Any CPU
		{FA24ABF3-C8BD-4A8E-81AF-F80E89116FD9}.Release|Windows Phone (Universal).Build.0 = Release|Any CPU
		{FA24ABF3-C8BD-4A8E-81AF-F80E89116FD9}.Release|Windows Phone 8.ActiveCfg = Release|Any CPU
		{FA24ABF3-C8BD-4A8E-81AF-F80E89116FD9}.Release|Windows Phone 8.Build.0 = Release|Any CPU
		{FA24ABF3-C8BD-4A8E-81AF-F80E89116FD9}.Release|Windows-AnyCPU.ActiveCfg = Release|Any CPU
		{FA24ABF3-C8BD-4A8E-81AF-F80E89116FD9}.Release|Windows-AnyCPU.Build.0 = Release|Any CPU
		{FA24ABF3-C8BD-4A8E-81AF-F80E89116FD9}.Release|Windows-ARM.ActiveCfg = Release|Any CPU
		{FA24ABF3-C8BD-4A8E-81AF-F80E89116FD9}.Release|Windows-ARM.Build.0 = Release|Any CPU
		{FA24ABF3-C8BD-4A8E-81AF-F80E89116FD9}.Release|Windows-x64.ActiveCfg = Release|Any CPU
		{FA24ABF3-C8BD-4A8E-81AF-F80E89116FD9}.Release|Windows-x64.Build.0 = Release|Any CPU
		{FA24ABF3-C8BD-4A8E-81AF-F80E89116FD9}.Release|Windows-x86.ActiveCfg = Release|Any CPU
		{FA24ABF3-C8BD-4A8E-81AF-F80E89116FD9}.Release|Windows-x86.Build.0 = Release|Any CPU
		{6B6E2E83-A5C8-4476-8BDD-0DC2CDB855FE}.Debug|Android.ActiveCfg = Debug|Any CPU
		{6B6E2E83-A5C8-4476-8BDD-0DC2CDB855FE}.Debug|Android.Build.0 = Debug|Any CPU
		{6B6E2E83-A5C8-4476-8BDD-0DC2CDB855FE}.Debug|Any CPU.ActiveCfg = Debug|Any CPU
		{6B6E2E83-A5C8-4476-8BDD-0DC2CDB855FE}.Debug|Any CPU.Build.0 = Debug|Any CPU
		{6B6E2E83-A5C8-4476-8BDD-0DC2CDB855FE}.Debug|iOS.ActiveCfg = Debug|Any CPU
		{6B6E2E83-A5C8-4476-8BDD-0DC2CDB855FE}.Debug|iOS.Build.0 = Debug|Any CPU
		{6B6E2E83-A5C8-4476-8BDD-0DC2CDB855FE}.Debug|Windows Phone (Universal).ActiveCfg = Debug|Any CPU
		{6B6E2E83-A5C8-4476-8BDD-0DC2CDB855FE}.Debug|Windows Phone (Universal).Build.0 = Debug|Any CPU
		{6B6E2E83-A5C8-4476-8BDD-0DC2CDB855FE}.Debug|Windows Phone 8.ActiveCfg = Debug|Any CPU
		{6B6E2E83-A5C8-4476-8BDD-0DC2CDB855FE}.Debug|Windows Phone 8.Build.0 = Debug|Any CPU
		{6B6E2E83-A5C8-4476-8BDD-0DC2CDB855FE}.Debug|Windows-AnyCPU.ActiveCfg = Debug|Any CPU
		{6B6E2E83-A5C8-4476-8BDD-0DC2CDB855FE}.Debug|Windows-AnyCPU.Build.0 = Debug|Any CPU
		{6B6E2E83-A5C8-4476-8BDD-0DC2CDB855FE}.Debug|Windows-ARM.ActiveCfg = Debug|Any CPU
		{6B6E2E83-A5C8-4476-8BDD-0DC2CDB855FE}.Debug|Windows-ARM.Build.0 = Debug|Any CPU
		{6B6E2E83-A5C8-4476-8BDD-0DC2CDB855FE}.Debug|Windows-x64.ActiveCfg = Debug|Any CPU
		{6B6E2E83-A5C8-4476-8BDD-0DC2CDB855FE}.Debug|Windows-x64.Build.0 = Debug|Any CPU
		{6B6E2E83-A5C8-4476-8BDD-0DC2CDB855FE}.Debug|Windows-x86.ActiveCfg = Debug|Any CPU
		{6B6E2E83-A5C8-4476-8BDD-0DC2CDB855FE}.Debug|Windows-x86.Build.0 = Debug|Any CPU
		{6B6E2E83-A5C8-4476-8BDD-0DC2CDB855FE}.Release|Android.ActiveCfg = Release|Any CPU
		{6B6E2E83-A5C8-4476-8BDD-0DC2CDB855FE}.Release|Android.Build.0 = Release|Any CPU
		{6B6E2E83-A5C8-4476-8BDD-0DC2CDB855FE}.Release|Any CPU.ActiveCfg = Release|Any CPU
		{6B6E2E83-A5C8-4476-8BDD-0DC2CDB855FE}.Release|Any CPU.Build.0 = Release|Any CPU
		{6B6E2E83-A5C8-4476-8BDD-0DC2CDB855FE}.Release|iOS.ActiveCfg = Release|Any CPU
		{6B6E2E83-A5C8-4476-8BDD-0DC2CDB855FE}.Release|iOS.Build.0 = Release|Any CPU
		{6B6E2E83-A5C8-4476-8BDD-0DC2CDB855FE}.Release|Windows Phone (Universal).ActiveCfg = Release|Any CPU
		{6B6E2E83-A5C8-4476-8BDD-0DC2CDB855FE}.Release|Windows Phone (Universal).Build.0 = Release|Any CPU
		{6B6E2E83-A5C8-4476-8BDD-0DC2CDB855FE}.Release|Windows Phone 8.ActiveCfg = Release|Any CPU
		{6B6E2E83-A5C8-4476-8BDD-0DC2CDB855FE}.Release|Windows Phone 8.Build.0 = Release|Any CPU
		{6B6E2E83-A5C8-4476-8BDD-0DC2CDB855FE}.Release|Windows-AnyCPU.ActiveCfg = Release|Any CPU
		{6B6E2E83-A5C8-4476-8BDD-0DC2CDB855FE}.Release|Windows-AnyCPU.Build.0 = Release|Any CPU
		{6B6E2E83-A5C8-4476-8BDD-0DC2CDB855FE}.Release|Windows-ARM.ActiveCfg = Release|Any CPU
		{6B6E2E83-A5C8-4476-8BDD-0DC2CDB855FE}.Release|Windows-ARM.Build.0 = Release|Any CPU
		{6B6E2E83-A5C8-4476-8BDD-0DC2CDB855FE}.Release|Windows-x64.ActiveCfg = Release|Any CPU
		{6B6E2E83-A5C8-4476-8BDD-0DC2CDB855FE}.Release|Windows-x64.Build.0 = Release|Any CPU
		{6B6E2E83-A5C8-4476-8BDD-0DC2CDB855FE}.Release|Windows-x86.ActiveCfg = Release|Any CPU
		{6B6E2E83-A5C8-4476-8BDD-0DC2CDB855FE}.Release|Windows-x86.Build.0 = Release|Any CPU
		{E77F128B-18A5-4810-88B6-10EE149AE3B3}.Debug|Android.ActiveCfg = Debug|Any CPU
		{E77F128B-18A5-4810-88B6-10EE149AE3B3}.Debug|Android.Build.0 = Debug|Any CPU
		{E77F128B-18A5-4810-88B6-10EE149AE3B3}.Debug|Any CPU.ActiveCfg = Debug|Any CPU
		{E77F128B-18A5-4810-88B6-10EE149AE3B3}.Debug|Any CPU.Build.0 = Debug|Any CPU
		{E77F128B-18A5-4810-88B6-10EE149AE3B3}.Debug|iOS.ActiveCfg = Debug|Any CPU
		{E77F128B-18A5-4810-88B6-10EE149AE3B3}.Debug|iOS.Build.0 = Debug|Any CPU
		{E77F128B-18A5-4810-88B6-10EE149AE3B3}.Debug|Windows Phone (Universal).ActiveCfg = Debug|Any CPU
		{E77F128B-18A5-4810-88B6-10EE149AE3B3}.Debug|Windows Phone (Universal).Build.0 = Debug|Any CPU
		{E77F128B-18A5-4810-88B6-10EE149AE3B3}.Debug|Windows Phone 8.ActiveCfg = Debug|Any CPU
		{E77F128B-18A5-4810-88B6-10EE149AE3B3}.Debug|Windows Phone 8.Build.0 = Debug|Any CPU
		{E77F128B-18A5-4810-88B6-10EE149AE3B3}.Debug|Windows-AnyCPU.ActiveCfg = Debug|Any CPU
		{E77F128B-18A5-4810-88B6-10EE149AE3B3}.Debug|Windows-AnyCPU.Build.0 = Debug|Any CPU
		{E77F128B-18A5-4810-88B6-10EE149AE3B3}.Debug|Windows-ARM.ActiveCfg = Debug|Any CPU
		{E77F128B-18A5-4810-88B6-10EE149AE3B3}.Debug|Windows-ARM.Build.0 = Debug|Any CPU
		{E77F128B-18A5-4810-88B6-10EE149AE3B3}.Debug|Windows-x64.ActiveCfg = Debug|Any CPU
		{E77F128B-18A5-4810-88B6-10EE149AE3B3}.Debug|Windows-x64.Build.0 = Debug|Any CPU
		{E77F128B-18A5-4810-88B6-10EE149AE3B3}.Debug|Windows-x86.ActiveCfg = Debug|Any CPU
		{E77F128B-18A5-4810-88B6-10EE149AE3B3}.Debug|Windows-x86.Build.0 = Debug|Any CPU
		{E77F128B-18A5-4810-88B6-10EE149AE3B3}.Release|Android.ActiveCfg = Release|Any CPU
		{E77F128B-18A5-4810-88B6-10EE149AE3B3}.Release|Android.Build.0 = Release|Any CPU
		{E77F128B-18A5-4810-88B6-10EE149AE3B3}.Release|Any CPU.ActiveCfg = Release|Any CPU
		{E77F128B-18A5-4810-88B6-10EE149AE3B3}.Release|Any CPU.Build.0 = Release|Any CPU
		{E77F128B-18A5-4810-88B6-10EE149AE3B3}.Release|iOS.ActiveCfg = Release|Any CPU
		{E77F128B-18A5-4810-88B6-10EE149AE3B3}.Release|iOS.Build.0 = Release|Any CPU
		{E77F128B-18A5-4810-88B6-10EE149AE3B3}.Release|Windows Phone (Universal).ActiveCfg = Release|Any CPU
		{E77F128B-18A5-4810-88B6-10EE149AE3B3}.Release|Windows Phone (Universal).Build.0 = Release|Any CPU
		{E77F128B-18A5-4810-88B6-10EE149AE3B3}.Release|Windows Phone 8.ActiveCfg = Release|Any CPU
		{E77F128B-18A5-4810-88B6-10EE149AE3B3}.Release|Windows Phone 8.Build.0 = Release|Any CPU
		{E77F128B-18A5-4810-88B6-10EE149AE3B3}.Release|Windows-AnyCPU.ActiveCfg = Release|Any CPU
		{E77F128B-18A5-4810-88B6-10EE149AE3B3}.Release|Windows-AnyCPU.Build.0 = Release|Any CPU
		{E77F128B-18A5-4810-88B6-10EE149AE3B3}.Release|Windows-ARM.ActiveCfg = Release|Any CPU
		{E77F128B-18A5-4810-88B6-10EE149AE3B3}.Release|Windows-ARM.Build.0 = Release|Any CPU
		{E77F128B-18A5-4810-88B6-10EE149AE3B3}.Release|Windows-x64.ActiveCfg = Release|Any CPU
		{E77F128B-18A5-4810-88B6-10EE149AE3B3}.Release|Windows-x64.Build.0 = Release|Any CPU
		{E77F128B-18A5-4810-88B6-10EE149AE3B3}.Release|Windows-x86.ActiveCfg = Release|Any CPU
		{E77F128B-18A5-4810-88B6-10EE149AE3B3}.Release|Windows-x86.Build.0 = Release|Any CPU
		{A3131233-F596-4845-83E6-1A7F03B05386}.Debug|Android.ActiveCfg = Debug|Any CPU
		{A3131233-F596-4845-83E6-1A7F03B05386}.Debug|Android.Build.0 = Debug|Any CPU
		{A3131233-F596-4845-83E6-1A7F03B05386}.Debug|Any CPU.ActiveCfg = Debug|Any CPU
		{A3131233-F596-4845-83E6-1A7F03B05386}.Debug|Any CPU.Build.0 = Debug|Any CPU
		{A3131233-F596-4845-83E6-1A7F03B05386}.Debug|iOS.ActiveCfg = Debug|Any CPU
		{A3131233-F596-4845-83E6-1A7F03B05386}.Debug|iOS.Build.0 = Debug|Any CPU
		{A3131233-F596-4845-83E6-1A7F03B05386}.Debug|Windows Phone (Universal).ActiveCfg = Debug|Any CPU
		{A3131233-F596-4845-83E6-1A7F03B05386}.Debug|Windows Phone (Universal).Build.0 = Debug|Any CPU
		{A3131233-F596-4845-83E6-1A7F03B05386}.Debug|Windows Phone 8.ActiveCfg = Debug|Any CPU
		{A3131233-F596-4845-83E6-1A7F03B05386}.Debug|Windows Phone 8.Build.0 = Debug|Any CPU
		{A3131233-F596-4845-83E6-1A7F03B05386}.Debug|Windows-AnyCPU.ActiveCfg = Debug|Any CPU
		{A3131233-F596-4845-83E6-1A7F03B05386}.Debug|Windows-AnyCPU.Build.0 = Debug|Any CPU
		{A3131233-F596-4845-83E6-1A7F03B05386}.Debug|Windows-ARM.ActiveCfg = Debug|Any CPU
		{A3131233-F596-4845-83E6-1A7F03B05386}.Debug|Windows-ARM.Build.0 = Debug|Any CPU
		{A3131233-F596-4845-83E6-1A7F03B05386}.Debug|Windows-x64.ActiveCfg = Debug|Any CPU
		{A3131233-F596-4845-83E6-1A7F03B05386}.Debug|Windows-x64.Build.0 = Debug|Any CPU
		{A3131233-F596-4845-83E6-1A7F03B05386}.Debug|Windows-x86.ActiveCfg = Debug|Any CPU
		{A3131233-F596-4845-83E6-1A7F03B05386}.Debug|Windows-x86.Build.0 = Debug|Any CPU
		{A3131233-F596-4845-83E6-1A7F03B05386}.Release|Android.ActiveCfg = Release|Any CPU
		{A3131233-F596-4845-83E6-1A7F03B05386}.Release|Android.Build.0 = Release|Any CPU
		{A3131233-F596-4845-83E6-1A7F03B05386}.Release|Any CPU.ActiveCfg = Release|Any CPU
		{A3131233-F596-4845-83E6-1A7F03B05386}.Release|Any CPU.Build.0 = Release|Any CPU
		{A3131233-F596-4845-83E6-1A7F03B05386}.Release|iOS.ActiveCfg = Release|Any CPU
		{A3131233-F596-4845-83E6-1A7F03B05386}.Release|iOS.Build.0 = Release|Any CPU
		{A3131233-F596-4845-83E6-1A7F03B05386}.Release|Windows Phone (Universal).ActiveCfg = Release|Any CPU
		{A3131233-F596-4845-83E6-1A7F03B05386}.Release|Windows Phone (Universal).Build.0 = Release|Any CPU
		{A3131233-F596-4845-83E6-1A7F03B05386}.Release|Windows Phone 8.ActiveCfg = Release|Any CPU
		{A3131233-F596-4845-83E6-1A7F03B05386}.Release|Windows Phone 8.Build.0 = Release|Any CPU
		{A3131233-F596-4845-83E6-1A7F03B05386}.Release|Windows-AnyCPU.ActiveCfg = Release|Any CPU
		{A3131233-F596-4845-83E6-1A7F03B05386}.Release|Windows-AnyCPU.Build.0 = Release|Any CPU
		{A3131233-F596-4845-83E6-1A7F03B05386}.Release|Windows-ARM.ActiveCfg = Release|Any CPU
		{A3131233-F596-4845-83E6-1A7F03B05386}.Release|Windows-ARM.Build.0 = Release|Any CPU
		{A3131233-F596-4845-83E6-1A7F03B05386}.Release|Windows-x64.ActiveCfg = Release|Any CPU
		{A3131233-F596-4845-83E6-1A7F03B05386}.Release|Windows-x64.Build.0 = Release|Any CPU
		{A3131233-F596-4845-83E6-1A7F03B05386}.Release|Windows-x86.ActiveCfg = Release|Any CPU
		{A3131233-F596-4845-83E6-1A7F03B05386}.Release|Windows-x86.Build.0 = Release|Any CPU
		{A0EA3796-527A-486C-A017-B40EDAEBB9A7}.Debug|Android.ActiveCfg = Debug|Android
		{A0EA3796-527A-486C-A017-B40EDAEBB9A7}.Debug|Android.Build.0 = Debug|Android
		{A0EA3796-527A-486C-A017-B40EDAEBB9A7}.Debug|Android.Deploy.0 = Debug|Android
		{A0EA3796-527A-486C-A017-B40EDAEBB9A7}.Debug|Any CPU.ActiveCfg = Debug|Android
		{A0EA3796-527A-486C-A017-B40EDAEBB9A7}.Debug|iOS.ActiveCfg = Debug|iOS
		{A0EA3796-527A-486C-A017-B40EDAEBB9A7}.Debug|iOS.Build.0 = Debug|iOS
		{A0EA3796-527A-486C-A017-B40EDAEBB9A7}.Debug|iOS.Deploy.0 = Debug|iOS
		{A0EA3796-527A-486C-A017-B40EDAEBB9A7}.Debug|Windows Phone (Universal).ActiveCfg = Debug|Windows Phone (Universal)
		{A0EA3796-527A-486C-A017-B40EDAEBB9A7}.Debug|Windows Phone (Universal).Build.0 = Debug|Windows Phone (Universal)
		{A0EA3796-527A-486C-A017-B40EDAEBB9A7}.Debug|Windows Phone (Universal).Deploy.0 = Debug|Windows Phone (Universal)
		{A0EA3796-527A-486C-A017-B40EDAEBB9A7}.Debug|Windows Phone 8.ActiveCfg = Debug|Windows Phone 8
		{A0EA3796-527A-486C-A017-B40EDAEBB9A7}.Debug|Windows Phone 8.Build.0 = Debug|Windows Phone 8
		{A0EA3796-527A-486C-A017-B40EDAEBB9A7}.Debug|Windows Phone 8.Deploy.0 = Debug|Windows Phone 8
		{A0EA3796-527A-486C-A017-B40EDAEBB9A7}.Debug|Windows-AnyCPU.ActiveCfg = Debug|Windows-AnyCPU
		{A0EA3796-527A-486C-A017-B40EDAEBB9A7}.Debug|Windows-AnyCPU.Build.0 = Debug|Windows-AnyCPU
		{A0EA3796-527A-486C-A017-B40EDAEBB9A7}.Debug|Windows-AnyCPU.Deploy.0 = Debug|Windows-AnyCPU
		{A0EA3796-527A-486C-A017-B40EDAEBB9A7}.Debug|Windows-ARM.ActiveCfg = Debug|Windows-ARM
		{A0EA3796-527A-486C-A017-B40EDAEBB9A7}.Debug|Windows-ARM.Build.0 = Debug|Windows-ARM
		{A0EA3796-527A-486C-A017-B40EDAEBB9A7}.Debug|Windows-ARM.Deploy.0 = Debug|Windows-ARM
		{A0EA3796-527A-486C-A017-B40EDAEBB9A7}.Debug|Windows-x64.ActiveCfg = Debug|Windows-x64
		{A0EA3796-527A-486C-A017-B40EDAEBB9A7}.Debug|Windows-x64.Build.0 = Debug|Windows-x64
		{A0EA3796-527A-486C-A017-B40EDAEBB9A7}.Debug|Windows-x64.Deploy.0 = Debug|Windows-x64
		{A0EA3796-527A-486C-A017-B40EDAEBB9A7}.Debug|Windows-x86.ActiveCfg = Debug|Windows-x86
		{A0EA3796-527A-486C-A017-B40EDAEBB9A7}.Debug|Windows-x86.Build.0 = Debug|Windows-x86
		{A0EA3796-527A-486C-A017-B40EDAEBB9A7}.Debug|Windows-x86.Deploy.0 = Debug|Windows-x86
		{A0EA3796-527A-486C-A017-B40EDAEBB9A7}.Release|Android.ActiveCfg = Release|Android
		{A0EA3796-527A-486C-A017-B40EDAEBB9A7}.Release|Android.Build.0 = Release|Android
		{A0EA3796-527A-486C-A017-B40EDAEBB9A7}.Release|Android.Deploy.0 = Release|Android
		{A0EA3796-527A-486C-A017-B40EDAEBB9A7}.Release|Any CPU.ActiveCfg = Release|Android
		{A0EA3796-527A-486C-A017-B40EDAEBB9A7}.Release|iOS.ActiveCfg = Release|iOS
		{A0EA3796-527A-486C-A017-B40EDAEBB9A7}.Release|iOS.Build.0 = Release|iOS
		{A0EA3796-527A-486C-A017-B40EDAEBB9A7}.Release|iOS.Deploy.0 = Release|iOS
		{A0EA3796-527A-486C-A017-B40EDAEBB9A7}.Release|Windows Phone (Universal).ActiveCfg = Release|Windows Phone (Universal)
		{A0EA3796-527A-486C-A017-B40EDAEBB9A7}.Release|Windows Phone (Universal).Build.0 = Release|Windows Phone (Universal)
		{A0EA3796-527A-486C-A017-B40EDAEBB9A7}.Release|Windows Phone (Universal).Deploy.0 = Release|Windows Phone (Universal)
		{A0EA3796-527A-486C-A017-B40EDAEBB9A7}.Release|Windows Phone 8.ActiveCfg = Release|Windows Phone 8
		{A0EA3796-527A-486C-A017-B40EDAEBB9A7}.Release|Windows Phone 8.Build.0 = Release|Windows Phone 8
		{A0EA3796-527A-486C-A017-B40EDAEBB9A7}.Release|Windows Phone 8.Deploy.0 = Release|Windows Phone 8
		{A0EA3796-527A-486C-A017-B40EDAEBB9A7}.Release|Windows-AnyCPU.ActiveCfg = Release|Windows-AnyCPU
		{A0EA3796-527A-486C-A017-B40EDAEBB9A7}.Release|Windows-AnyCPU.Build.0 = Release|Windows-AnyCPU
		{A0EA3796-527A-486C-A017-B40EDAEBB9A7}.Release|Windows-AnyCPU.Deploy.0 = Release|Windows-AnyCPU
		{A0EA3796-527A-486C-A017-B40EDAEBB9A7}.Release|Windows-ARM.ActiveCfg = Release|Windows-ARM
		{A0EA3796-527A-486C-A017-B40EDAEBB9A7}.Release|Windows-ARM.Build.0 = Release|Windows-ARM
		{A0EA3796-527A-486C-A017-B40EDAEBB9A7}.Release|Windows-ARM.Deploy.0 = Release|Windows-ARM
		{A0EA3796-527A-486C-A017-B40EDAEBB9A7}.Release|Windows-x64.ActiveCfg = Release|Windows-x64
		{A0EA3796-527A-486C-A017-B40EDAEBB9A7}.Release|Windows-x64.Build.0 = Release|Windows-x64
		{A0EA3796-527A-486C-A017-B40EDAEBB9A7}.Release|Windows-x64.Deploy.0 = Release|Windows-x64
		{A0EA3796-527A-486C-A017-B40EDAEBB9A7}.Release|Windows-x86.ActiveCfg = Release|Windows-x86
		{A0EA3796-527A-486C-A017-B40EDAEBB9A7}.Release|Windows-x86.Build.0 = Release|Windows-x86
		{A0EA3796-527A-486C-A017-B40EDAEBB9A7}.Release|Windows-x86.Deploy.0 = Release|Windows-x86
	EndGlobalSection
	GlobalSection(SolutionProperties) = preSolution
		HideSolutionNode = FALSE
	EndGlobalSection
	GlobalSection(NestedProjects) = preSolution
		{31126B97-09D1-49C3-ABE8-A024EC292549} = {DB40A7C0-975F-4E4F-B993-E88F841EFCCA}
		{34504573-3B34-4BBE-8C31-6C43C354C474} = {DB40A7C0-975F-4E4F-B993-E88F841EFCCA}
		{47F7612B-6127-4EC7-942C-2268606214F5} = {34504573-3B34-4BBE-8C31-6C43C354C474}
		{47AB9643-E4BE-47DD-9C54-CC207039D95F} = {DB40A7C0-975F-4E4F-B993-E88F841EFCCA}
		{FA24ABF3-C8BD-4A8E-81AF-F80E89116FD9} = {47AB9643-E4BE-47DD-9C54-CC207039D95F}
		{8DBADA89-9F6F-407C-ABCB-6960EC26CCB7} = {DB40A7C0-975F-4E4F-B993-E88F841EFCCA}
		{6B6E2E83-A5C8-4476-8BDD-0DC2CDB855FE} = {8DBADA89-9F6F-407C-ABCB-6960EC26CCB7}
		{E77F128B-18A5-4810-88B6-10EE149AE3B3} = {8DBADA89-9F6F-407C-ABCB-6960EC26CCB7}
		{B9D96141-2107-4FBB-97FD-66805022C2F0} = {DB40A7C0-975F-4E4F-B993-E88F841EFCCA}
		{A3131233-F596-4845-83E6-1A7F03B05386} = {B9D96141-2107-4FBB-97FD-66805022C2F0}
		{A0EA3796-527A-486C-A017-B40EDAEBB9A7} = {DB40A7C0-975F-4E4F-B993-E88F841EFCCA}
	EndGlobalSection
EndGlobal
